
Microsoft Visual Studio Solution File, Format Version 12.00
# Visual Studio Version 17
VisualStudioVersion = 17.12.35527.113 d17.12
MinimumVisualStudioVersion = 10.0.40219.1
Project("{FAE04EC0-301F-11D3-BF4B-00C04F79EFBC}") = "lez01_test", "its_31_lez02_MinimalIntro\lez01_test.csproj", "{8980CE94-0B11-4272-96AD-B1C8A3A225CC}"
EndProject
Project("{FAE04EC0-301F-11D3-BF4B-00C04F79EFBC}") = "lez02_logging", "lez02_logging\lez02_logging.csproj", "{F1FCEEBD-9D54-420F-B3F9-CB1F465E4EAB}"
EndProject
Project("{FAE04EC0-301F-11D3-BF4B-00C04F79EFBC}") = "lez03_middleware", "lez03_middleware\lez03_middleware.csproj", "{A26D7F08-2519-4D04-A68D-CEC15ED686A5}"
EndProject
Global
	GlobalSection(SolutionConfigurationPlatforms) = preSolution
		Debug|Any CPU = Debug|Any CPU
		Release|Any CPU = Release|Any CPU
	EndGlobalSection
	GlobalSection(ProjectConfigurationPlatforms) = postSolution
		{8980CE94-0B11-4272-96AD-B1C8A3A225CC}.Debug|Any CPU.ActiveCfg = Debug|Any CPU
		{8980CE94-0B11-4272-96AD-B1C8A3A225CC}.Debug|Any CPU.Build.0 = Debug|Any CPU
		{8980CE94-0B11-4272-96AD-B1C8A3A225CC}.Release|Any CPU.ActiveCfg = Release|Any CPU
		{8980CE94-0B11-4272-96AD-B1C8A3A225CC}.Release|Any CPU.Build.0 = Release|Any CPU
		{F1FCEEBD-9D54-420F-B3F9-CB1F465E4EAB}.Debug|Any CPU.ActiveCfg = Debug|Any CPU
		{F1FCEEBD-9D54-420F-B3F9-CB1F465E4EAB}.Debug|Any CPU.Build.0 = Debug|Any CPU
		{F1FCEEBD-9D54-420F-B3F9-CB1F465E4EAB}.Release|Any CPU.ActiveCfg = Release|Any CPU
		{F1FCEEBD-9D54-420F-B3F9-CB1F465E4EAB}.Release|Any CPU.Build.0 = Release|Any CPU
		{A26D7F08-2519-4D04-A68D-CEC15ED686A5}.Debug|Any CPU.ActiveCfg = Debug|Any CPU
		{A26D7F08-2519-4D04-A68D-CEC15ED686A5}.Debug|Any CPU.Build.0 = Debug|Any CPU
		{A26D7F08-2519-4D04-A68D-CEC15ED686A5}.Release|Any CPU.ActiveCfg = Release|Any CPU
		{A26D7F08-2519-4D04-A68D-CEC15ED686A5}.Release|Any CPU.Build.0 = Release|Any CPU
	EndGlobalSection
	GlobalSection(SolutionProperties) = preSolution
		HideSolutionNode = FALSE
	EndGlobalSection
EndGlobal
